<?xml version="1.0" encoding="utf-8"?>
<Project ToolsVersion="4.0" xmlns="http://schemas.microsoft.com/developer/msbuild/2003">
  <ItemGroup>
    <Filter Include="Source Files">
      <UniqueIdentifier>{b59b508c-0eb7-4e04-922e-912ad7e0caba}</UniqueIdentifier>
      <Extensions>cpp;c;cxx;rc;def;r;odl;idl;hpj;bat</Extensions>
    </Filter>
    <Filter Include="Header Files">
      <UniqueIdentifier>{7cdb1cb8-a7dd-4c44-b038-a1a2489d448b}</UniqueIdentifier>
      <Extensions>h;hpp;hxx;hm;inl</Extensions>
    </Filter>
    <Filter Include="Resource Files">
      <UniqueIdentifier>{cb24d391-d229-4731-b4a0-d205ca87121d}</UniqueIdentifier>
      <Extensions>ico;cur;bmp;dlg;rc2;rct;bin;rgs;gif;jpg;jpeg;jpe</Extensions>
    </Filter>
    <Filter Include="Resource Files\Help Files">
      <UniqueIdentifier>{afd18a39-1900-490a-9356-f4b0309bc604}</UniqueIdentifier>
      <Extensions>cnt;rtf</Extensions>
    </Filter>
  </ItemGroup>
  <ItemGroup>
    <ClCompile Include="StdAfx.cpp">
      <Filter>Source Files</Filter>
    </ClCompile>
    <ClCompile Include="TR2SaveGame.cpp">
      <Filter>Source Files</Filter>
    </ClCompile>
    <ClCompile Include="TR3SaveGame.cpp">
      <Filter>Source Files</Filter>
    </ClCompile>
    <ClCompile Include="TR4SaveGame.cpp">
      <Filter>Source Files</Filter>
    </ClCompile>
    <ClCompile Include="TRSaveGame.cpp">
      <Filter>Source Files</Filter>
    </ClCompile>
    <ClCompile Include="TR5SaveGame.cpp">
      <Filter>Source Files</Filter>
    </ClCompile>
    <ClCompile Include="TRXCHEATWIN.cpp">
      <Filter>Source Files</Filter>
    </ClCompile>
    <ClCompile Include="TRXCHEATWINDlg.cpp">
      <Filter>Source Files</Filter>
    </ClCompile>
    <ClCompile Include="TRXAmmosPage.cpp">
      <Filter>Source Files</Filter>
    </ClCompile>
    <ClCompile Include="TRXEquipmentPage.cpp">
      <Filter>Source Files</Filter>
    </ClCompile>
    <ClCompile Include="TRXGunPage.cpp">
      <Filter>Source Files</Filter>
    </ClCompile>
    <ClCompile Include="TRXInfoPage.cpp">
      <Filter>Source Files</Filter>
    </ClCompile>
    <ClCompile Include="TRXItems.cpp">
      <Filter>Source Files</Filter>
    </ClCompile>
    <ClCompile Include="TR15SaveGame.cpp">
      <Filter>Source Files</Filter>
    </ClCompile>
    <ClCompile Include="TR10SaveGame.cpp">
      <Filter>Source Files</Filter>
    </ClCompile>
    <ClCompile Include="TRXPropertyPage.cpp">
      <Filter>Source Files</Filter>
    </ClCompile>
    <ClCompile Include="TRXContainer.cpp">
      <Filter>Source Files</Filter>
    </ClCompile>
    <ClCompile Include="TR9SaveGame.cpp">
      <Filter>Source Files</Filter>
    </ClCompile>
    <ClCompile Include="TRXRemastered.cpp">
      <Filter>Source Files</Filter>
    </ClCompile>
    <ClCompile Include="TRXPropertySheetRemastered.cpp">
      <Filter>Source Files</Filter>
    </ClCompile>
    <ClCompile Include="TRXPropertySheetAll.cpp">
      <Filter>Source Files</Filter>
    </ClCompile>
    <ClCompile Include="TRXPropertySheet.cpp">
      <Filter>Source Files</Filter>
    </ClCompile>
    <ClCompile Include="TRXItemsTR4.cpp">
      <Filter>Source Files</Filter>
    </ClCompile>
    <ClCompile Include="GunGrids.cpp">
      <Filter>Source Files</Filter>
    </ClCompile>
    <ClCompile Include="TRXTools.cpp">
      <Filter>Source Files</Filter>
    </ClCompile>
    <ClCompile Include="TRXGlobal.cpp">
      <Filter>Source Files</Filter>
    </ClCompile>
    <ClCompile Include="TRXSecretsDialog.cpp">
      <Filter>Source Files</Filter>
    </ClCompile>
    <ClCompile Include="TRXRemasteredInfos.cpp">
      <Filter>Source Files</Filter>
    </ClCompile>
    <ClCompile Include="TRXPropertySheetStandard.cpp">
      <Filter>Source Files</Filter>
    </ClCompile>
    <ClCompile Include="TRXPropertyPage123.cpp">
      <Filter>Source Files</Filter>
    </ClCompile>
    <ClCompile Include="TRXDifferences.cpp">
      <Filter>Source Files</Filter>
    </ClCompile>
    <ClCompile Include="TRLabelItems.cpp">
      <Filter>Source Files</Filter>
    </ClCompile>
    <ClCompile Include="TRXPosition.cpp">
      <Filter>Source Files</Filter>
    </ClCompile>
    <ClCompile Include="TRXDialogBase.cpp">
      <Filter>Source Files</Filter>
    </ClCompile>
    <ClCompile Include="TR_Areas.cpp">
      <Filter>Source Files</Filter>
    </ClCompile>
    <ClCompile Include="TRXMapAreas.cpp">
      <Filter>Source Files</Filter>
    </ClCompile>
    <ClCompile Include="TRXRoomPicture.cpp">
      <Filter>Source Files</Filter>
    </ClCompile>
    <ClCompile Include="TRXRectangle.cpp">
      <Filter>Source Files</Filter>
    </ClCompile>
    <ClCompile Include="TRXAllMaps.cpp">
      <Filter>Source Files</Filter>
    </ClCompile>
    <ClCompile Include="ReadTR2\ReadTRX.cpp">
      <Filter>Source Files</Filter>
    </ClCompile>
    <ClCompile Include="adler32.c">
      <Filter>Source Files</Filter>
    </ClCompile>
    <ClCompile Include="compress.c">
      <Filter>Source Files</Filter>
    </ClCompile>
    <ClCompile Include="crc32.c">
      <Filter>Source Files</Filter>
    </ClCompile>
    <ClCompile Include="deflate.c">
      <Filter>Source Files</Filter>
    </ClCompile>
    <ClCompile Include="gzclose.c">
      <Filter>Source Files</Filter>
    </ClCompile>
    <ClCompile Include="gzlib.c">
      <Filter>Source Files</Filter>
    </ClCompile>
    <ClCompile Include="gzread.c">
      <Filter>Source Files</Filter>
    </ClCompile>
    <ClCompile Include="gzwrite.c">
      <Filter>Source Files</Filter>
    </ClCompile>
    <ClCompile Include="infback.c">
      <Filter>Source Files</Filter>
    </ClCompile>
    <ClCompile Include="inffast.c">
      <Filter>Source Files</Filter>
    </ClCompile>
    <ClCompile Include="inflate.c">
      <Filter>Source Files</Filter>
    </ClCompile>
    <ClCompile Include="inftrees.c">
      <Filter>Source Files</Filter>
    </ClCompile>
    <ClCompile Include="trees.c">
      <Filter>Source Files</Filter>
    </ClCompile>
    <ClCompile Include="uncompr.c">
      <Filter>Source Files</Filter>
    </ClCompile>
    <ClCompile Include="zutil.c">
      <Filter>Source Files</Filter>
    </ClCompile>
    <ClCompile Include="TRXPropertyPageBase.cpp">
      <Filter>Source Files</Filter>
    </ClCompile>
    <ClCompile Include="TRXVerticalMap.cpp">
      <Filter>Source Files</Filter>
    </ClCompile>
    <ClCompile Include="TRXWallPicture.cpp">
      <Filter>Source Files</Filter>
    </ClCompile>
    <ClCompile Include="TRXMessageBox.cpp">
      <Filter>Source Files</Filter>
    </ClCompile>
    <ClCompile Include="TR4NGSaveGame.cpp">
      <Filter>Source Files</Filter>
    </ClCompile>
    <ClCompile Include="ReadTR2\ReadTRXScript.cpp">
      <Filter>Source Files</Filter>
    </ClCompile>
    <ClCompile Include="ReadTR2\MCMemA.cpp">
      <Filter>Source Files</Filter>
    </ClCompile>
    <ClCompile Include="TRXHelpDialog.cpp">
      <Filter>Source Files</Filter>
    </ClCompile>
    <ClCompile Include="TRXRoomWall.cpp">
      <Filter>Source Files</Filter>
    </ClCompile>
    <ClCompile Include="TRXEditBase.cpp">
      <Filter>Source Files</Filter>
    </ClCompile>
    <ClCompile Include="TRXButtonBase.cpp">
      <Filter>Source Files</Filter>
    </ClCompile>
    <ClCompile Include="TRXListCtrlBase.cpp">
      <Filter>Source Files</Filter>
    </ClCompile>
    <ClCompile Include="TRXStaticBase.cpp">
      <Filter>Source Files</Filter>
    </ClCompile>
    <ClCompile Include="TRXSpinButtonCtrlBase.cpp">
      <Filter>Source Files</Filter>
    </ClCompile>
    <ClCompile Include="TRXCComboBoxBase.cpp">
      <Filter>Source Files</Filter>
    </ClCompile>
    <ClCompile Include="TRXCToolTipCtrlBase.cpp">
      <Filter>Source Files</Filter>
    </ClCompile>
    <ClCompile Include="TRXColors.cpp">
      <Filter>Source Files</Filter>
    </ClCompile>
    <ClCompile Include="TRXMenuBase.cpp">
      <Filter>Source Files</Filter>
    </ClCompile>
    <ClCompile Include="TRXNC.cpp">
      <Filter>Source Files</Filter>
    </ClCompile>
    <ClCompile Include="TRXCHeaderCtrlBase.cpp">
      <Filter>Source Files</Filter>
    </ClCompile>
  </ItemGroup>
  <ItemGroup>
    <None Include="res\Aire 51.bmp">
      <Filter>Resource Files</Filter>
    </None>
    <None Include="res\Aldwych.bmp">
      <Filter>Resource Files</Filter>
    </None>
    <None Include="res\Ammos Desert Eagle.bmp">
      <Filter>Resource Files</Filter>
    </None>
    <None Include="res\Ammos Grenade Launcher.bmp">
      <Filter>Resource Files</Filter>
    </None>
    <None Include="res\Ammos harpoon.bmp">
      <Filter>Resource Files</Filter>
    </None>
    <None Include="res\Ammos MP5.bmp">
      <Filter>Resource Files</Filter>
    </None>
    <None Include="res\Ammos Riot Gun.bmp">
      <Filter>Resource Files</Filter>
    </None>
    <None Include="res\Ammos Rocket Launcher.bmp">
      <Filter>Resource Files</Filter>
    </None>
    <None Include="res\Ammos Uzis.bmp">
      <Filter>Resource Files</Filter>
    </None>
    <None Include="res\ANTARC.bmp">
      <Filter>Resource Files</Filter>
    </None>
    <None Include="res\Antarctique.bmp">
      <Filter>Resource Files</Filter>
    </None>
    <None Include="res\bitmap1.bmp">
      <Filter>Resource Files</Filter>
    </None>
    <None Include="res\bitmap2.bmp">
      <Filter>Resource Files</Filter>
    </None>
    <None Include="res\bitmap4.bmp">
      <Filter>Resource Files</Filter>
    </None>
    <None Include="res\Chrono.bmp">
      <Filter>Resource Files</Filter>
    </None>
    <None Include="res\Desert Eagle 3.bmp">
      <Filter>Resource Files</Filter>
    </None>
    <None Include="res\Desert Eagle.bmp">
      <Filter>Resource Files</Filter>
    </None>
    <None Include="res\Flares 2.bmp">
      <Filter>Resource Files</Filter>
    </None>
    <None Include="res\Flares.bmp">
      <Filter>Resource Files</Filter>
    </None>
    <None Include="res\Grenade Launcher 2.bmp">
      <Filter>Resource Files</Filter>
    </None>
    <None Include="res\Grenade Launcher 3.bmp">
      <Filter>Resource Files</Filter>
    </None>
    <None Include="res\Grenade Launcher.bmp">
      <Filter>Resource Files</Filter>
    </None>
    <None Include="res\Guns.bmp">
      <Filter>Resource Files</Filter>
    </None>
    <None Include="res\Hallows.bmp">
      <Filter>Resource Files</Filter>
    </None>
    <None Include="res\Harpoon 2.bmp">
      <Filter>Resource Files</Filter>
    </None>
    <None Include="res\Harpoon 3.bmp">
      <Filter>Resource Files</Filter>
    </None>
    <None Include="res\Harpoon.bmp">
      <Filter>Resource Files</Filter>
    </None>
    <None Include="res\INDIA.bmp">
      <Filter>Resource Files</Filter>
    </None>
    <None Include="res\K1 Aire Mise a Feu.bmp">
      <Filter>Resource Files</Filter>
    </None>
    <None Include="res\K1 Crash Bishop.bmp">
      <Filter>Resource Files</Filter>
    </None>
    <None Include="res\K1 Desert Pass.bmp">
      <Filter>Resource Files</Filter>
    </None>
    <None Include="res\K1 Gange Portail.bmp">
      <Filter>Resource Files</Filter>
    </None>
    <None Include="res\K1 Haute Carte A.bmp">
      <Filter>Resource Files</Filter>
    </None>
    <None Include="res\K1 Jungle Indra 2.bmp">
      <Filter>Resource Files</Filter>
    </None>
    <None Include="res\K1 Londres Salle du Conduit.bmp">
      <Filter>Resource Files</Filter>
    </None>
    <None Include="res\K1 Lude Chaufferie.bmp">
      <Filter>Resource Files</Filter>
    </None>
    <None Include="res\K1 Temple Ganesha.bmp">
      <Filter>Resource Files</Filter>
    </None>
    <None Include="res\K1 Village Cotier Clef Contrebandier.bmp">
      <Filter>Resource Files</Filter>
    </None>
    <None Include="res\K2 Aldwych Salomon.bmp">
      <Filter>Resource Files</Filter>
    </None>
    <None Include="res\K2 Crash Tuckerman.bmp">
      <Filter>Resource Files</Filter>
    </None>
    <None Include="res\K2 Desert Detonateur.bmp">
      <Filter>Resource Files</Filter>
    </None>
    <None Include="res\K2 Haute Carte B.bmp">
      <Filter>Resource Files</Filter>
    </None>
    <None Include="res\K2 Londres Cathedral.bmp">
      <Filter>Resource Files</Filter>
    </None>
    <None Include="res\K3 Aldwych Salomon.bmp">
      <Filter>Resource Files</Filter>
    </None>
    <None Include="res\K4 Aire Passe.bmp">
      <Filter>Resource Files</Filter>
    </None>
    <None Include="res\K4 Aldwych Maintenance.bmp">
      <Filter>Resource Files</Filter>
    </None>
    <None Include="res\K4 Jungle Indra.bmp">
      <Filter>Resource Files</Filter>
    </None>
    <None Include="res\La caverne Du Meteore.bmp">
      <Filter>Resource Files</Filter>
    </None>
    <None Include="res\La Cite Perdue de Tinos.bmp">
      <Filter>Resource Files</Filter>
    </None>
    <None Include="res\La Gorge de Mabudu.bmp">
      <Filter>Resource Files</Filter>
    </None>
    <None Include="res\La Jungle.bmp">
      <Filter>Resource Files</Filter>
    </None>
    <None Include="res\La Ville.bmp">
      <Filter>Resource Files</Filter>
    </None>
    <None Include="res\Large Medipak 2.bmp">
      <Filter>Resource Files</Filter>
    </None>
    <None Include="res\Large Medipak 3.bmp">
      <Filter>Resource Files</Filter>
    </None>
    <None Include="res\Large Medipak.bmp">
      <Filter>Resource Files</Filter>
    </None>
    <None Include="res\Le Desert Du Nevada.bmp">
      <Filter>Resource Files</Filter>
    </None>
    <None Include="res\Le Gange.bmp">
      <Filter>Resource Files</Filter>
    </None>
    <None Include="res\Le Lieu du Crash.bmp">
      <Filter>Resource Files</Filter>
    </None>
    <None Include="res\Le Portail de Lude.bmp">
      <Filter>Resource Files</Filter>
    </None>
    <None Include="res\Le Temple de Puna.bmp">
      <Filter>Resource Files</Filter>
    </None>
    <None Include="res\Le Village Cotier.bmp">
      <Filter>Resource Files</Filter>
    </None>
    <None Include="res\Les Grottes de Kaliya.bmp">
      <Filter>Resource Files</Filter>
    </None>
    <None Include="res\Les Mines de RX.bmp">
      <Filter>Resource Files</Filter>
    </None>
    <None Include="res\Les Quais de La Tamise.bmp">
      <Filter>Resource Files</Filter>
    </None>
    <None Include="res\Les Ruines du Temple.bmp">
      <Filter>Resource Files</Filter>
    </None>
    <None Include="res\LONDON.bmp">
      <Filter>Resource Files</Filter>
    </None>
    <None Include="res\M1 Crash Carte du Marais.bmp">
      <Filter>Resource Files</Filter>
    </None>
    <None Include="res\mp5.bmp">
      <Filter>Resource Files</Filter>
    </None>
    <None Include="res\NEVADA.bmp">
      <Filter>Resource Files</Filter>
    </None>
    <None Include="res\P1 Aire Cle Tour.bmp">
      <Filter>Resource Files</Filter>
    </None>
    <None Include="res\P1 Aldwych Penny.bmp">
      <Filter>Resource Files</Filter>
    </None>
    <None Include="res\P1 Haute Passe Bleu.bmp">
      <Filter>Resource Files</Filter>
    </None>
    <None Include="res\P1 Lude Embaumenent.bmp">
      <Filter>Resource Files</Filter>
    </None>
    <None Include="res\P1 Temple Cimeterre.bmp">
      <Filter>Resource Files</Filter>
    </None>
    <None Include="res\P1 Village Cotier - Pierre Du Serpent.bmp">
      <Filter>Resource Files</Filter>
    </None>
    <None Include="res\P2 Aire Disque Code.bmp">
      <Filter>Resource Files</Filter>
    </None>
    <None Include="res\P2 Aldwych Ticket.bmp">
      <Filter>Resource Files</Filter>
    </None>
    <None Include="res\P2 Haute Passe Jaune.bmp">
      <Filter>Resource Files</Filter>
    </None>
    <None Include="res\P3 Aire Disque Code.bmp">
      <Filter>Resource Files</Filter>
    </None>
    <None Include="res\P3 Aldwych Maillet.bmp">
      <Filter>Resource Files</Filter>
    </None>
    <None Include="res\P4 Aire Cle Hangar.bmp">
      <Filter>Resource Files</Filter>
    </None>
    <None Include="res\P4 Aldwych Etoile.bmp">
      <Filter>Resource Files</Filter>
    </None>
    <None Include="res\Quartier Haute Securite.bmp">
      <Filter>Resource Files</Filter>
    </None>
    <None Include="res\Riot Gun 2.bmp">
      <Filter>Resource Files</Filter>
    </None>
    <None Include="res\Riot Gun.bmp">
      <Filter>Resource Files</Filter>
    </None>
    <None Include="res\Rocket Launcher 2.bmp">
      <Filter>Resource Files</Filter>
    </None>
    <None Include="res\Rocket Launcher.bmp">
      <Filter>Resource Files</Filter>
    </None>
    <None Include="res\Small Medipak 2.bmp">
      <Filter>Resource Files</Filter>
    </None>
    <None Include="res\Small Medipak 3.bmp">
      <Filter>Resource Files</Filter>
    </None>
    <None Include="res\Small Medipak.bmp">
      <Filter>Resource Files</Filter>
    </None>
    <None Include="res\SOUTHPAC.bmp">
      <Filter>Resource Files</Filter>
    </None>
    <None Include="res\T1 Pierre Infada.bmp">
      <Filter>Resource Files</Filter>
    </None>
    <None Include="res\T3 Oeil D Isis.bmp">
      <Filter>Resource Files</Filter>
    </None>
    <None Include="res\T4 Object 115.bmp">
      <Filter>Resource Files</Filter>
    </None>
    <None Include="res\THEEND.bmp">
      <Filter>Resource Files</Filter>
    </None>
    <None Include="res\Title.bmp">
      <Filter>Resource Files</Filter>
    </None>
    <None Include="res\TR1 The End.bmp">
      <Filter>Resource Files</Filter>
    </None>
    <None Include="res\TR1 The Start.bmp">
      <Filter>Resource Files</Filter>
    </None>
    <None Include="res\TR2 The End.bmp">
      <Filter>Resource Files</Filter>
    </None>
    <None Include="res\TR2 The Start.bmp">
      <Filter>Resource Files</Filter>
    </None>
    <None Include="res\TR3CHEATWIN.ico">
      <Filter>Resource Files</Filter>
    </None>
    <None Include="res\TR3CHEATWIN.rc2">
      <Filter>Resource Files</Filter>
    </None>
    <None Include="res\TUB End.bmp">
      <Filter>Resource Files</Filter>
    </None>
    <None Include="res\TUB Start.bmp">
      <Filter>Resource Files</Filter>
    </None>
    <None Include="res\Uzis 2.bmp">
      <Filter>Resource Files</Filter>
    </None>
    <None Include="res\Uzis.bmp">
      <Filter>Resource Files</Filter>
    </None>
    <None Include="hlp\AfxDlg.rtf">
      <Filter>Resource Files\Help Files</Filter>
    </None>
    <None Include="ReadMe.txt" />
    <None Include="TR_Areas_inc.h">
      <Filter>Header Files</Filter>
    </None>
    <None Include="res\helptext.bin">
      <Filter>Resource Files</Filter>
    </None>
  </ItemGroup>
  <ItemGroup>
    <ClInclude Include="AutomaticVersionHeader.h">
      <Filter>Header Files</Filter>
    </ClInclude>
    <ClInclude Include="StdAfx.h">
      <Filter>Header Files</Filter>
    </ClInclude>
    <ClInclude Include="TR2SaveGame.h">
      <Filter>Header Files</Filter>
    </ClInclude>
    <ClInclude Include="TR3SaveGame.h">
      <Filter>Header Files</Filter>
    </ClInclude>
    <ClInclude Include="TR4SaveGame.h">
      <Filter>Header Files</Filter>
    </ClInclude>
    <ClInclude Include="TRSaveGame.h">
      <Filter>Header Files</Filter>
    </ClInclude>
    <ClInclude Include="TR5SaveGame.h">
      <Filter>Header Files</Filter>
    </ClInclude>
    <ClInclude Include="TRXEquipmentPage.h">
      <Filter>Header Files</Filter>
    </ClInclude>
    <ClInclude Include="TRXGunPage.h">
      <Filter>Header Files</Filter>
    </ClInclude>
    <ClInclude Include="TRXInfoPage.h">
      <Filter>Header Files</Filter>
    </ClInclude>
    <ClInclude Include="TRXItems.h">
      <Filter>Header Files</Filter>
    </ClInclude>
    <ClInclude Include="TRXCHEATWIN.h">
      <Filter>Header Files</Filter>
    </ClInclude>
    <ClInclude Include="TRXCHEATWINDlg.h">
      <Filter>Header Files</Filter>
    </ClInclude>
    <ClInclude Include="TRXAmmosPage.h">
      <Filter>Header Files</Filter>
    </ClInclude>
    <ClInclude Include="TR15SaveGame.h">
      <Filter>Header Files</Filter>
    </ClInclude>
    <ClInclude Include="TR10SaveGame.h">
      <Filter>Header Files</Filter>
    </ClInclude>
    <ClInclude Include="TRXPropertyPage.h">
      <Filter>Header Files</Filter>
    </ClInclude>
    <ClInclude Include="TRXContainer.h">
      <Filter>Header Files</Filter>
    </ClInclude>
    <ClInclude Include="TR9SaveGame.h">
      <Filter>Header Files</Filter>
    </ClInclude>
    <ClInclude Include="TRXRemastered.h">
      <Filter>Header Files</Filter>
    </ClInclude>
    <ClInclude Include="TRXPropertySheetRemastered.h">
      <Filter>Header Files</Filter>
    </ClInclude>
    <ClInclude Include="TRXPropertySheetAll.h">
      <Filter>Header Files</Filter>
    </ClInclude>
    <ClInclude Include="TRXPropertySheet.h">
      <Filter>Header Files</Filter>
    </ClInclude>
    <ClInclude Include="TRXItemsTR4.h">
      <Filter>Header Files</Filter>
    </ClInclude>
    <ClInclude Include="GunGrids.h">
      <Filter>Header Files</Filter>
    </ClInclude>
    <ClInclude Include="TRXTools.h">
      <Filter>Header Files</Filter>
    </ClInclude>
    <ClInclude Include="TRXGlobal.h">
      <Filter>Header Files</Filter>
    </ClInclude>
    <ClInclude Include="TRXSecretsDialog.h">
      <Filter>Header Files</Filter>
    </ClInclude>
    <ClInclude Include="TRXRemasteredInfos.h">
      <Filter>Header Files</Filter>
    </ClInclude>
    <ClInclude Include="TRXPropertySheetStandard.h">
      <Filter>Header Files</Filter>
    </ClInclude>
    <ClInclude Include="TRXPropertyPage123.h">
      <Filter>Header Files</Filter>
    </ClInclude>
    <ClInclude Include="TRXDifferences.h">
      <Filter>Header Files</Filter>
    </ClInclude>
    <ClInclude Include="TRLabelItems.h">
      <Filter>Header Files</Filter>
    </ClInclude>
    <ClInclude Include="TRXPosition.h">
      <Filter>Header Files</Filter>
    </ClInclude>
    <ClInclude Include="TRXDialogBase.h">
      <Filter>Header Files</Filter>
    </ClInclude>
    <ClInclude Include="TR2LevelFormat.h">
      <Filter>Header Files</Filter>
    </ClInclude>
    <ClInclude Include="TR_Areas.h">
      <Filter>Header Files</Filter>
    </ClInclude>
    <ClInclude Include="TRXMapAreas.h">
      <Filter>Header Files</Filter>
    </ClInclude>
    <ClInclude Include="TRXRoomPicture.h">
      <Filter>Header Files</Filter>
    </ClInclude>
    <ClInclude Include="TR4_Areas_inc.h">
      <Filter>Header Files</Filter>
    </ClInclude>
    <ClInclude Include="TR4G_Areas_inc.h">
      <Filter>Header Files</Filter>
    </ClInclude>
    <ClInclude Include="TRR1_Areas_inc.h">
      <Filter>Header Files</Filter>
    </ClInclude>
    <ClInclude Include="TRR1G_Areas_inc.h">
      <Filter>Header Files</Filter>
    </ClInclude>
    <ClInclude Include="TRR2_Areas_inc.h">
      <Filter>Header Files</Filter>
    </ClInclude>
    <ClInclude Include="TRR2G_Areas_inc.h">
      <Filter>Header Files</Filter>
    </ClInclude>
    <ClInclude Include="TRR3_Areas_inc.h">
      <Filter>Header Files</Filter>
    </ClInclude>
    <ClInclude Include="TRR3G_Areas_inc.h">
      <Filter>Header Files</Filter>
    </ClInclude>
    <ClInclude Include="TR1_Areas_inc.h">
      <Filter>Header Files</Filter>
    </ClInclude>
    <ClInclude Include="TR1G_Areas_inc.h">
      <Filter>Header Files</Filter>
    </ClInclude>
    <ClInclude Include="TR2_Areas_inc.h">
      <Filter>Header Files</Filter>
    </ClInclude>
    <ClInclude Include="TR2G_Areas_inc.h">
      <Filter>Header Files</Filter>
    </ClInclude>
    <ClInclude Include="TR3_Areas_inc.h">
      <Filter>Header Files</Filter>
    </ClInclude>
    <ClInclude Include="TR3G_Areas_inc.h">
      <Filter>Header Files</Filter>
    </ClInclude>
    <ClInclude Include="TR5_Areas_inc.h">
      <Filter>Header Files</Filter>
    </ClInclude>
    <ClInclude Include="TRXRectangle.h">
      <Filter>Header Files</Filter>
    </ClInclude>
    <ClInclude Include="TRXAllMaps.h">
      <Filter>Header Files</Filter>
    </ClInclude>
    <ClInclude Include="TRXPropertyPageBase.h">
      <Filter>Header Files</Filter>
    </ClInclude>
    <ClInclude Include="TRXVerticalMap.h">
      <Filter>Header Files</Filter>
    </ClInclude>
    <ClInclude Include="TRXWallPicture.h">
      <Filter>Header Files</Filter>
    </ClInclude>
    <ClInclude Include="TRXMessageBox.h">
      <Filter>Header Files</Filter>
    </ClInclude>
    <ClInclude Include="TR4NGSaveGame.h">
      <Filter>Header Files</Filter>
    </ClInclude>
    <ClInclude Include="ReadTR2\ReadTRXScript.h">
      <Filter>Header Files</Filter>
    </ClInclude>
    <ClInclude Include="ReadTR2\ReadTRXBasicTypes.h">
      <Filter>Header Files</Filter>
    </ClInclude>
    <ClInclude Include="ReadTR2\ReadTRX.h">
      <Filter>Header Files</Filter>
    </ClInclude>
    <ClInclude Include="ReadTR2\MCMemA.h">
      <Filter>Header Files</Filter>
    </ClInclude>
    <ClInclude Include="TRXHelpDialog.h">
      <Filter>Header Files</Filter>
    </ClInclude>
    <ClInclude Include="TRXRoomWall.h">
      <Filter>Header Files</Filter>
    </ClInclude>
    <ClInclude Include="TRXEditBase.h">
      <Filter>Header Files</Filter>
    </ClInclude>
    <ClInclude Include="TRXButtonBase.h">
      <Filter>Header Files</Filter>
    </ClInclude>
    <ClInclude Include="TRXListCtrlBase.h">
      <Filter>Header Files</Filter>
    </ClInclude>
    <ClInclude Include="TRXStaticBase.h">
      <Filter>Header Files</Filter>
    </ClInclude>
    <ClInclude Include="TRXSpinButtonCtrlBase.h">
      <Filter>Header Files</Filter>
    </ClInclude>
    <ClInclude Include="TRXCComboBoxBase.h">
      <Filter>Header Files</Filter>
    </ClInclude>
    <ClInclude Include="TRXCToolTipCtrlBase.h">
      <Filter>Header Files</Filter>
    </ClInclude>
    <ClInclude Include="TRXColors.h">
      <Filter>Header Files</Filter>
    </ClInclude>
    <ClInclude Include="TRXMenuBase.h">
      <Filter>Header Files</Filter>
    </ClInclude>
    <ClInclude Include="TRXNC.h">
      <Filter>Header Files</Filter>
    </ClInclude>
    <ClInclude Include="TRXCHeaderCtrlBase.h">
      <Filter>Header Files</Filter>
    </ClInclude>
    <ClInclude Include="TRXGDI.h">
      <Filter>Header Files</Filter>
    </ClInclude>
    <ClInclude Include="Resource.h">
      <Filter>Header Files</Filter>
    </ClInclude>
  </ItemGroup>
  <ItemGroup>
    <ResourceCompile Include="TRCheatWin.rc">
      <Filter>Source Files</Filter>
    </ResourceCompile>
  </ItemGroup>
  <ItemGroup>
    <Image Include="res\crowbar.bmp">
      <Filter>Resource Files</Filter>
    </Image>
    <Image Include="res\revolver.bmp">
      <Filter>Resource Files</Filter>
    </Image>
    <Image Include="res\bitmap3.bmp">
      <Filter>Resource Files</Filter>
    </Image>
    <Image Include="res\HK.bmp">
      <Filter>Resource Files</Filter>
    </Image>
    <Image Include="res\Crossbow.bmp">
      <Filter>Resource Files</Filter>
    </Image>
    <Image Include="res\HK.Ammos.bmp">
      <Filter>Resource Files</Filter>
    </Image>
    <Image Include="res\Bullets.bmp">
      <Filter>Resource Files</Filter>
    </Image>
    <Image Include="res\Ammos_Arrow.bmp">
      <Filter>Resource Files</Filter>
    </Image>
    <Image Include="res\Ammos_Guns.bmp">
      <Filter>Resource Files</Filter>
    </Image>
    <Image Include="res\Chronicles.0.bmp">
      <Filter>Resource Files</Filter>
    </Image>
    <Image Include="res\Chronicles.1.bmp">
      <Filter>Resource Files</Filter>
    </Image>
    <Image Include="res\Last.Revelation.0.bmp">
      <Filter>Resource Files</Filter>
    </Image>
    <Image Include="res\Last.Revelation.1.bmp">
      <Filter>Resource Files</Filter>
    </Image>
    <Image Include="res\Grappling100.bmp">
      <Filter>Resource Files</Filter>
    </Image>
    <Image Include="res\Ammos.Grappling.bmp">
      <Filter>Resource Files</Filter>
    </Image>
    <Image Include="res\Check.ico">
      <Filter>Resource Files</Filter>
    </Image>
    <Image Include="res\CheckBlack.ico">
      <Filter>Resource Files</Filter>
    </Image>
    <Image Include="res\Close.ico">
      <Filter>Resource Files</Filter>
    </Image>
    <Image Include="res\Maximize.ico">
      <Filter>Resource Files</Filter>
    </Image>
    <Image Include="res\Mininize.ico">
      <Filter>Resource Files</Filter>
    </Image>
    <Image Include="res\Windowed.ico">
      <Filter>Resource Files</Filter>
    </Image>
  </ItemGroup>
  <ItemGroup>
    <Text Include="res\HelpText.txt" />
  </ItemGroup>
</Project>